Microsoft Visual Studio Solution File, Format Version 12.00
# Visual Studio Version 17
VisualStudioVersion = 17.0.31903.59
MinimumVisualStudioVersion = 10.0.40219.1
Project("{FAE04EC0-301F-11D3-BF4B-00C04F79EFBC}") = "PayIsland", "src\PayIsland\PayIsland.csproj", "{9D6B9E0A-63B1-4714-96F0-34B94DAB75F7}"
EndProject
Project("{FAE04EC0-301F-11D3-BF4B-00C04F79EFBC}") = "PayIsland.Examples", "examples\PayIsland.Examples\PayIsland.Examples.csproj", "{54A7601C-5DAB-4BB0-96FE-AC2DF263C22A}"
EndProject
Project("{FAE04EC0-301F-11D3-BF4B-00C04F79EFBC}") = "PayIsland.Tests", "tests\PayIsland.Tests\PayIsland.Tests.csproj", "{82B8585F-D983-4729-9B6C-FF8385493789}"
EndProject
Global
	GlobalSection(SolutionConfigurationPlatforms) = preSolution
		Debug|Any CPU = Debug|Any CPU
		Release|Any CPU = Release|Any CPU
	EndGlobalSection
	GlobalSection(ProjectConfigurationPlatforms) = postSolution
		{9D6B9E0A-63B1-4714-96F0-34B94DAB75F7}.Debug|Any CPU.ActiveCfg = Debug|Any CPU
		{9D6B9E0A-63B1-4714-96F0-34B94DAB75F7}.Debug|Any CPU.Build.0 = Debug|Any CPU
		{9D6B9E0A-63B1-4714-96F0-34B94DAB75F7}.Release|Any CPU.ActiveCfg = Release|Any CPU
		{9D6B9E0A-63B1-4714-96F0-34B94DAB75F7}.Release|Any CPU.Build.0 = Release|Any CPU
		{54A7601C-5DAB-4BB0-96FE-AC2DF263C22A}.Debug|Any CPU.ActiveCfg = Debug|Any CPU
		{54A7601C-5DAB-4BB0-96FE-AC2DF263C22A}.Debug|Any CPU.Build.0 = Debug|Any CPU
		{54A7601C-5DAB-4BB0-96FE-AC2DF263C22A}.Release|Any CPU.ActiveCfg = Release|Any CPU
		{54A7601C-5DAB-4BB0-96FE-AC2DF263C22A}.Release|Any CPU.Build.0 = Release|Any CPU
		{82B8585F-D983-4729-9B6C-FF8385493789}.Debug|Any CPU.ActiveCfg = Debug|Any CPU
		{82B8585F-D983-4729-9B6C-FF8385493789}.Debug|Any CPU.Build.0 = Debug|Any CPU
		{82B8585F-D983-4729-9B6C-FF8385493789}.Release|Any CPU.ActiveCfg = Release|Any CPU
		{82B8585F-D983-4729-9B6C-FF8385493789}.Release|Any CPU.Build.0 = Release|Any CPU
	EndGlobalSection
	GlobalSection(SolutionProperties) = preSolution
		HideSolutionNode = FALSE
	EndGlobalSection
	GlobalSection(ExtensibilityGlobals) = postSolution
		SolutionGuid = {2B75EF28-0479-44C1-9237-80AC48C78FF9}
	EndGlobalSection
EndGlobal
